
Microsoft Visual Studio Solution File, Format Version 12.00
# Visual Studio Version 17
VisualStudioVersion = 17.1.32228.430
MinimumVisualStudioVersion = 10.0.40219.1
Project("{FAE04EC0-301F-11D3-BF4B-00C04F79EFBC}") = "Habit_Tracker", "Habit_Tracker\Habit_Tracker.csproj", "{D538991C-3A99-4429-B438-F64E93E31703}"
EndProject
Global
	GlobalSection(SolutionConfigurationPlatforms) = preSolution
		Debug|Any CPU = Debug|Any CPU
		Release|Any CPU = Release|Any CPU
	EndGlobalSection
	GlobalSection(ProjectConfigurationPlatforms) = postSolution
		{D538991C-3A99-4429-B438-F64E93E31703}.Debug|Any CPU.ActiveCfg = Debug|Any CPU
		{D538991C-3A99-4429-B438-F64E93E31703}.Debug|Any CPU.Build.0 = Debug|Any CPU
		{D538991C-3A99-4429-B438-F64E93E31703}.Release|Any CPU.ActiveCfg = Release|Any CPU
		{D538991C-3A99-4429-B438-F64E93E31703}.Release|Any CPU.Build.0 = Release|Any CPU
	EndGlobalSection
	GlobalSection(SolutionProperties) = preSolution
		HideSolutionNode = FALSE
	EndGlobalSection
	GlobalSection(ExtensibilityGlobals) = postSolution
		SolutionGuid = {AA16342B-E276-4478-8742-20C173A87B59}
	EndGlobalSection
EndGlobal
